// !$*UTF8*$!
{
	archiveVersion = 1;
	classes = {
	};
	objectVersion = 50;
	objects = {

/* Begin PBXBuildFile section */
		4438CFCB2080F5DF00F744AB /* AppDelegate.swift in Sources */ = {isa = PBXBuildFile; fileRef = 4438CFCA2080F5DF00F744AB /* AppDelegate.swift */; };
		4438CFCD2080F5DF00F744AB /* ViewController.swift in Sources */ = {isa = PBXBuildFile; fileRef = 4438CFCC2080F5DF00F744AB /* ViewController.swift */; };
		4438CFD02080F5DF00F744AB /* Main.storyboard in Resources */ = {isa = PBXBuildFile; fileRef = 4438CFCE2080F5DF00F744AB /* Main.storyboard */; };
		4438CFD22080F5E200F744AB /* Assets.xcassets in Resources */ = {isa = PBXBuildFile; fileRef = 4438CFD12080F5E200F744AB /* Assets.xcassets */; };
		4438CFD52080F5E200F744AB /* LaunchScreen.storyboard in Resources */ = {isa = PBXBuildFile; fileRef = 4438CFD32080F5E200F744AB /* LaunchScreen.storyboard */; };
		4438CFDE2080FE4600F744AB /* Tile.swift in Sources */ = {isa = PBXBuildFile; fileRef = 4438CFDD2080FE4600F744AB /* Tile.swift */; };
		4438CFE0208100EF00F744AB /* TileBoard.swift in Sources */ = {isa = PBXBuildFile; fileRef = 4438CFDF208100EF00F744AB /* TileBoard.swift */; };
		4438CFE32081046300F744AB /* TileView.swift in Sources */ = {isa = PBXBuildFile; fileRef = 4438CFE22081046300F744AB /* TileView.swift */; };
		4438CFE720832DEF00F744AB /* TilePosition.swift in Sources */ = {isa = PBXBuildFile; fileRef = 4438CFE620832DEF00F744AB /* TilePosition.swift */; };
		4438CFE92083377800F744AB /* TileMovement.swift in Sources */ = {isa = PBXBuildFile; fileRef = 4438CFE82083377800F744AB /* TileMovement.swift */; };
/* End PBXBuildFile section */

/* Begin PBXFileReference section */
		4438CFC72080F5DF00F744AB /* TileGame.app */ = {isa = PBXFileReference; explicitFileType = wrapper.application; includeInIndex = 0; path = TileGame.app; sourceTree = BUILT_PRODUCTS_DIR; };
		4438CFCA2080F5DF00F744AB /* AppDelegate.swift */ = {isa = PBXFileReference; lastKnownFileType = sourcecode.swift; path = AppDelegate.swift; sourceTree = "<group>"; };
		4438CFCC2080F5DF00F744AB /* ViewController.swift */ = {isa = PBXFileReference; lastKnownFileType = sourcecode.swift; path = ViewController.swift; sourceTree = "<group>"; };
		4438CFCF2080F5DF00F744AB /* Base */ = {isa = PBXFileReference; lastKnownFileType = file.storyboard; name = Base; path = Base.lproj/Main.storyboard; sourceTree = "<group>"; };
		4438CFD12080F5E200F744AB /* Assets.xcassets */ = {isa = PBXFileReference; lastKnownFileType = folder.assetcatalog; path = Assets.xcassets; sourceTree = "<group>"; };
		4438CFD42080F5E200F744AB /* Base */ = {isa = PBXFileReference; lastKnownFileType = file.storyboard; name = Base; path = Base.lproj/LaunchScreen.storyboard; sourceTree = "<group>"; };
		4438CFD62080F5E200F744AB /* Info.plist */ = {isa = PBXFileReference; lastKnownFileType = text.plist.xml; path = Info.plist; sourceTree = "<group>"; };
		4438CFDD2080FE4600F744AB /* Tile.swift */ = {isa = PBXFileReference; lastKnownFileType = sourcecode.swift; path = Tile.swift; sourceTree = "<group>"; };
		4438CFDF208100EF00F744AB /* TileBoard.swift */ = {isa = PBXFileReference; lastKnownFileType = sourcecode.swift; path = TileBoard.swift; sourceTree = "<group>"; };
		4438CFE22081046300F744AB /* TileView.swift */ = {isa = PBXFileReference; lastKnownFileType = sourcecode.swift; path = TileView.swift; sourceTree = "<group>"; };
		4438CFE620832DEF00F744AB /* TilePosition.swift */ = {isa = PBXFileReference; lastKnownFileType = sourcecode.swift; path = TilePosition.swift; sourceTree = "<group>"; };
		4438CFE82083377800F744AB /* TileMovement.swift */ = {isa = PBXFileReference; lastKnownFileType = sourcecode.swift; path = TileMovement.swift; sourceTree = "<group>"; };
/* End PBXFileReference section */

/* Begin PBXFrameworksBuildPhase section */
		4438CFC42080F5DF00F744AB /* Frameworks */ = {
			isa = PBXFrameworksBuildPhase;
			buildActionMask = 2147483647;
			files = (
			);
			runOnlyForDeploymentPostprocessing = 0;
		};
/* End PBXFrameworksBuildPhase section */

/* Begin PBXGroup section */
		4438CFBE2080F5DF00F744AB = {
			isa = PBXGroup;
			children = (
				4438CFC92080F5DF00F744AB /* TileGame */,
				4438CFC82080F5DF00F744AB /* Products */,
			);
			sourceTree = "<group>";
		};
		4438CFC82080F5DF00F744AB /* Products */ = {
			isa = PBXGroup;
			children = (
				4438CFC72080F5DF00F744AB /* TileGame.app */,
			);
			name = Products;
			sourceTree = "<group>";
		};
		4438CFC92080F5DF00F744AB /* TileGame */ = {
			isa = PBXGroup;
			children = (
				4438CFDC2080FDEF00F744AB /* DataObjects */,
				4438CFE12081022600F744AB /* Views */,
				4438CFCA2080F5DF00F744AB /* AppDelegate.swift */,
				4438CFCC2080F5DF00F744AB /* ViewController.swift */,
				4438CFCE2080F5DF00F744AB /* Main.storyboard */,
				4438CFD12080F5E200F744AB /* Assets.xcassets */,
				4438CFD32080F5E200F744AB /* LaunchScreen.storyboard */,
				4438CFD62080F5E200F744AB /* Info.plist */,
			);
			path = TileGame;
			sourceTree = "<group>";
		};
		4438CFDC2080FDEF00F744AB /* DataObjects */ = {
			isa = PBXGroup;
			children = (
				4438CFDD2080FE4600F744AB /* Tile.swift */,
				4438CFE620832DEF00F744AB /* TilePosition.swift */,
				4438CFE82083377800F744AB /* TileMovement.swift */,
				4438CFDF208100EF00F744AB /* TileBoard.swift */,
			);
			path = DataObjects;
			sourceTree = "<group>";
		};
		4438CFE12081022600F744AB /* Views */ = {
			isa = PBXGroup;
			children = (
				4438CFE22081046300F744AB /* TileView.swift */,
			);
			path = Views;
			sourceTree = "<group>";
		};
/* End PBXGroup section */

/* Begin PBXNativeTarget section */
		4438CFC62080F5DF00F744AB /* TileGame */ = {
			isa = PBXNativeTarget;
			buildConfigurationList = 4438CFD92080F5E200F744AB /* Build configuration list for PBXNativeTarget "TileGame" */;
			buildPhases = (
				4438CFC32080F5DF00F744AB /* Sources */,
				4438CFC42080F5DF00F744AB /* Frameworks */,
				4438CFC52080F5DF00F744AB /* Resources */,
			);
			buildRules = (
			);
			dependencies = (
			);
			name = TileGame;
			productName = TileGame;
			productReference = 4438CFC72080F5DF00F744AB /* TileGame.app */;
			productType = "com.apple.product-type.application";
		};
/* End PBXNativeTarget section */

/* Begin PBXProject section */
		4438CFBF2080F5DF00F744AB /* Project object */ = {
			isa = PBXProject;
			attributes = {
				LastSwiftUpdateCheck = 0930;
				LastUpgradeCheck = 0930;
				ORGANIZATIONNAME = "Tejesh Alimilli";
				TargetAttributes = {
					4438CFC62080F5DF00F744AB = {
						CreatedOnToolsVersion = 9.3;
					};
				};
			};
			buildConfigurationList = 4438CFC22080F5DF00F744AB /* Build configuration list for PBXProject "TileGame" */;
			compatibilityVersion = "Xcode 9.3";
			developmentRegion = en;
			hasScannedForEncodings = 0;
			knownRegions = (
				en,
				Base,
			);
			mainGroup = 4438CFBE2080F5DF00F744AB;
			productRefGroup = 4438CFC82080F5DF00F744AB /* Products */;
			projectDirPath = "";
			projectRoot = "";
			targets = (
				4438CFC62080F5DF00F744AB /* TileGame */,
			);
		};
/* End PBXProject section */

/* Begin PBXResourcesBuildPhase section */
		4438CFC52080F5DF00F744AB /* Resources */ = {
			isa = PBXResourcesBuildPhase;
			buildActionMask = 2147483647;
			files = (
				4438CFD52080F5E200F744AB /* LaunchScreen.storyboard in Resources */,
				4438CFD22080F5E200F744AB /* Assets.xcassets in Resources */,
				4438CFD02080F5DF00F744AB /* Main.storyboard in Resources */,
			);
			runOnlyForDeploymentPostprocessing = 0;
		};
/* End PBXResourcesBuildPhase section */

/* Begin PBXSourcesBuildPhase section */
		4438CFC32080F5DF00F744AB /* Sources */ = {
			isa = PBXSourcesBuildPhase;
			buildActionMask = 2147483647;
			files = (
				4438CFE92083377800F744AB /* TileMovement.swift in Sources */,
				4438CFE0208100EF00F744AB /* TileBoard.swift in Sources */,
				4438CFDE2080FE4600F744AB /* Tile.swift in Sources */,
				4438CFE720832DEF00F744AB /* TilePosition.swift in Sources */,
				4438CFCD2080F5DF00F744AB /* ViewController.swift in Sources */,
				4438CFE32081046300F744AB /* TileView.swift in Sources */,
				4438CFCB2080F5DF00F744AB /* AppDelegate.swift in Sources */,
			);
			runOnlyForDeploymentPostprocessing = 0;
		};
/* End PBXSourcesBuildPhase section */

/* Begin PBXVariantGroup section */
		4438CFCE2080F5DF00F744AB /* Main.storyboard */ = {
			isa = PBXVariantGroup;
			children = (
				4438CFCF2080F5DF00F744AB /* Base */,
			);
			name = Main.storyboard;
			sourceTree = "<group>";
		};
		4438CFD32080F5E200F744AB /* LaunchScreen.storyboard */ = {
			isa = PBXVariantGroup;
			children = (
				4438CFD42080F5E200F744AB /* Base */,
			);
			name = LaunchScreen.storyboard;
			sourceTree = "<group>";
		};
/* End PBXVariantGroup section */

/* Begin XCBuildConfiguration section */
		4438CFD72080F5E200F744AB /* Debug */ = {
			isa = XCBuildConfiguration;
			buildSettings = {
				ALWAYS_SEARCH_USER_PATHS = NO;
				CLANG_ANALYZER_NONNULL = YES;
				CLANG_ANALYZER_NUMBER_OBJECT_CONVERSION = YES_AGGRESSIVE;
				CLANG_CXX_LANGUAGE_STANDARD = "gnu++14";
				CLANG_CXX_LIBRARY = "libc++";
				CLANG_ENABLE_MODULES = YES;
				CLANG_ENABLE_OBJC_ARC = YES;
				CLANG_ENABLE_OBJC_WEAK = YES;
				CLANG_WARN_BLOCK_CAPTURE_AUTORELEASING = YES;
				CLANG_WARN_BOOL_CONVERSION = YES;
				CLANG_WARN_COMMA = YES;
				CLANG_WARN_CONSTANT_CONVERSION = YES;
				CLANG_WARN_DEPRECATED_OBJC_IMPLEMENTATIONS = YES;
				CLANG_WARN_DIRECT_OBJC_ISA_USAGE = YES_ERROR;
				CLANG_WARN_DOCUMENTATION_COMMENTS = YES;
				CLANG_WARN_EMPTY_BODY = YES;
				CLANG_WARN_ENUM_CONVERSION = YES;
				CLANG_WARN_INFINITE_RECURSION = YES;
				CLANG_WARN_INT_CONVERSION = YES;
				CLANG_WARN_NON_LITERAL_NULL_CONVERSION = YES;
				CLANG_WARN_OBJC_IMPLICIT_RETAIN_SELF = YES;
				CLANG_WARN_OBJC_LITERAL_CONVERSION = YES;
				CLANG_WARN_OBJC_ROOT_CLASS = YES_ERROR;
				CLANG_WARN_RANGE_LOOP_ANALYSIS = YES;
				CLANG_WARN_STRICT_PROTOTYPES = YES;
				CLANG_WARN_SUSPICIOUS_MOVE = YES;
				CLANG_WARN_UNGUARDED_AVAILABILITY = YES_AGGRESSIVE;
				CLANG_WARN_UNREACHABLE_CODE = YES;
				CLANG_WARN__DUPLICATE_METHOD_MATCH = YES;
				CODE_SIGN_IDENTITY = "iPhone Developer";
				COPY_PHASE_STRIP = NO;
				DEBUG_INFORMATION_FORMAT = dwarf;
				ENABLE_STRICT_OBJC_MSGSEND = YES;
				ENABLE_TESTABILITY = YES;
				GCC_C_LANGUAGE_STANDARD = gnu11;
				GCC_DYNAMIC_NO_PIC = NO;
				GCC_NO_COMMON_BLOCKS = YES;
				GCC_OPTIMIZATION_LEVEL = 0;
				GCC_PREPROCESSOR_DEFINITIONS = (
					"DEBUG=1",
					"$(inherited)",
				);
				GCC_WARN_64_TO_32_BIT_CONVERSION = YES;
				GCC_WARN_ABOUT_RETURN_TYPE = YES_ERROR;
				GCC_WARN_UNDECLARED_SELECTOR = YES;
				GCC_WARN_UNINITIALIZED_AUTOS = YES_AGGRESSIVE;
				GCC_WARN_UNUSED_FUNCTION = YES;
				GCC_WARN_UNUSED_VARIABLE = YES;
				IPHONEOS_DEPLOYMENT_TARGET = 11.3;
				MTL_ENABLE_DEBUG_INFO = YES;
				ONLY_ACTIVE_ARCH = YES;
				SDKROOT = iphoneos;
				SWIFT_ACTIVE_COMPILATION_CONDITIONS = DEBUG;
				SWIFT_OPTIMIZATION_LEVEL = "-Onone";
			};
			name = Debug;
		};
		4438CFD82080F5E200F744AB /* Release */ = {
			isa = XCBuildConfiguration;
			buildSettings = {
				ALWAYS_SEARCH_USER_PATHS = NO;
				CLANG_ANALYZER_NONNULL = YES;
				CLANG_ANALYZER_NUMBER_OBJECT_CONVERSION = YES_AGGRESSIVE;
				CLANG_CXX_LANGUAGE_STANDARD = "gnu++14";
				CLANG_CXX_LIBRARY = "libc++";
				CLANG_ENABLE_MODULES = YES;
				CLANG_ENABLE_OBJC_ARC = YES;
				CLANG_ENABLE_OBJC_WEAK = YES;
				CLANG_WARN_BLOCK_CAPTURE_AUTORELEASING = YES;
				CLANG_WARN_BOOL_CONVERSION = YES;
				CLANG_WARN_COMMA = YES;
				CLANG_WARN_CONSTANT_CONVERSION = YES;
				CLANG_WARN_DEPRECATED_OBJC_IMPLEMENTATIONS = YES;
				CLANG_WARN_DIRECT_OBJC_ISA_USAGE = YES_ERROR;
				CLANG_WARN_DOCUMENTATION_COMMENTS = YES;
				CLANG_WARN_EMPTY_BODY = YES;
				CLANG_WARN_ENUM_CONVERSION = YES;
				CLANG_WARN_INFINITE_RECURSION = YES;
				CLANG_WARN_INT_CONVERSION = YES;
				CLANG_WARN_NON_LITERAL_NULL_CONVERSION = YES;
				CLANG_WARN_OBJC_IMPLICIT_RETAIN_SELF = YES;
				CLANG_WARN_OBJC_LITERAL_CONVERSION = YES;
				CLANG_WARN_OBJC_ROOT_CLASS = YES_ERROR;
				CLANG_WARN_RANGE_LOOP_ANALYSIS = YES;
				CLANG_WARN_STRICT_PROTOTYPES = YES;
				CLANG_WARN_SUSPICIOUS_MOVE = YES;
				CLANG_WARN_UNGUARDED_AVAILABILITY = YES_AGGRESSIVE;
				CLANG_WARN_UNREACHABLE_CODE = YES;
				CLANG_WARN__DUPLICATE_METHOD_MATCH = YES;
				CODE_SIGN_IDENTITY = "iPhone Developer";
				COPY_PHASE_STRIP = NO;
				DEBUG_INFORMATION_FORMAT = "dwarf-with-dsym";
				ENABLE_NS_ASSERTIONS = NO;
				ENABLE_STRICT_OBJC_MSGSEND = YES;
				GCC_C_LANGUAGE_STANDARD = gnu11;
				GCC_NO_COMMON_BLOCKS = YES;
				GCC_WARN_64_TO_32_BIT_CONVERSION = YES;
				GCC_WARN_ABOUT_RETURN_TYPE = YES_ERROR;
				GCC_WARN_UNDECLARED_SELECTOR = YES;
				GCC_WARN_UNINITIALIZED_AUTOS = YES_AGGRESSIVE;
				GCC_WARN_UNUSED_FUNCTION = YES;
				GCC_WARN_UNUSED_VARIABLE = YES;
				IPHONEOS_DEPLOYMENT_TARGET = 11.3;
				MTL_ENABLE_DEBUG_INFO = NO;
				SDKROOT = iphoneos;
				SWIFT_COMPILATION_MODE = wholemodule;
				SWIFT_OPTIMIZATION_LEVEL = "-O";
				VALIDATE_PRODUCT = YES;
			};
			name = Release;
		};
		4438CFDA2080F5E200F744AB /* Debug */ = {
			isa = XCBuildConfiguration;
			buildSettings = {
				ASSETCATALOG_COMPILER_APPICON_NAME = AppIcon;
				CODE_SIGN_STYLE = Automatic;
				INFOPLIST_FILE = TileGame/Info.plist;
				LD_RUNPATH_SEARCH_PATHS = (
					"$(inherited)",
					"@executable_path/Frameworks",
				);
				PRODUCT_BUNDLE_IDENTIFIER = com.alimilli.ios.TileGame;
				PRODUCT_NAME = "$(TARGET_NAME)";
				SWIFT_VERSION = 4.0;
				TARGETED_DEVICE_FAMILY = "1,2";
			};
			name = Debug;
		};
		4438CFDB2080F5E200F744AB /* Release */ = {
			isa = XCBuildConfiguration;
			buildSettings = {
				ASSETCATALOG_COMPILER_APPICON_NAME = AppIcon;
				CODE_SIGN_STYLE = Automatic;
				INFOPLIST_FILE = TileGame/Info.plist;
				LD_RUNPATH_SEARCH_PATHS = (
					"$(inherited)",
					"@executable_path/Frameworks",
				);
				PRODUCT_BUNDLE_IDENTIFIER = com.alimilli.ios.TileGame;
				PRODUCT_NAME = "$(TARGET_NAME)";
				SWIFT_VERSION = 4.0;
				TARGETED_DEVICE_FAMILY = "1,2";
			};
			name = Release;
		};
/* End XCBuildConfiguration section */

/* Begin XCConfigurationList section */
		4438CFC22080F5DF00F744AB /* Build configuration list for PBXProject "TileGame" */ = {
			isa = XCConfigurationList;
			buildConfigurations = (
				4438CFD72080F5E200F744AB /* Debug */,
				4438CFD82080F5E200F744AB /* Release */,
			);
			defaultConfigurationIsVisible = 0;
			defaultConfigurationName = Release;
		};
		4438CFD92080F5E200F744AB /* Build configuration list for PBXNativeTarget "TileGame" */ = {
			isa = XCConfigurationList;
			buildConfigurations = (
				4438CFDA2080F5E200F744AB /* Debug */,
				4438CFDB2080F5E200F744AB /* Release */,
			);
			defaultConfigurationIsVisible = 0;
			defaultConfigurationName = Release;
		};
/* End XCConfigurationList section */
	};
	rootObject = 4438CFBF2080F5DF00F744AB /* Project object */;
}
